
Microsoft Visual Studio Solution File, Format Version 12.00
# Visual Studio Version 17
VisualStudioVersion = 17.6.33815.320
MinimumVisualStudioVersion = 10.0.40219.1
Project("{FAE04EC0-301F-11D3-BF4B-00C04F79EFBC}") = "2int1c", "2int1c\2int1c.csproj", "{02F5E1E0-894C-46A8-9997-AA34CAB2C387}"
EndProject
Global
	GlobalSection(SolutionConfigurationPlatforms) = preSolution
		Debug|Any CPU = Debug|Any CPU
		Release|Any CPU = Release|Any CPU
	EndGlobalSection
	GlobalSection(ProjectConfigurationPlatforms) = postSolution
		{02F5E1E0-894C-46A8-9997-AA34CAB2C387}.Debug|Any CPU.ActiveCfg = Debug|Any CPU
		{02F5E1E0-894C-46A8-9997-AA34CAB2C387}.Debug|Any CPU.Build.0 = Debug|Any CPU
		{02F5E1E0-894C-46A8-9997-AA34CAB2C387}.Release|Any CPU.ActiveCfg = Release|Any CPU
		{02F5E1E0-894C-46A8-9997-AA34CAB2C387}.Release|Any CPU.Build.0 = Release|Any CPU
	EndGlobalSection
	GlobalSection(SolutionProperties) = preSolution
		HideSolutionNode = FALSE
	EndGlobalSection
	GlobalSection(ExtensibilityGlobals) = postSolution
		SolutionGuid = {B13375DF-3A7E-4059-99FE-04D3A7A08449}
	EndGlobalSection
EndGlobal
