
Microsoft Visual Studio Solution File, Format Version 12.00
# Visual Studio Version 17
VisualStudioVersion = 17.6.33815.320
MinimumVisualStudioVersion = 10.0.40219.1
Project("{FAE04EC0-301F-11D3-BF4B-00C04F79EFBC}") = "obsolete", "obsolete\obsolete.csproj", "{DDF47750-726C-43BB-A10B-1188DB629A16}"
EndProject
Global
	GlobalSection(SolutionConfigurationPlatforms) = preSolution
		Debug|Any CPU = Debug|Any CPU
		Release|Any CPU = Release|Any CPU
	EndGlobalSection
	GlobalSection(ProjectConfigurationPlatforms) = postSolution
		{DDF47750-726C-43BB-A10B-1188DB629A16}.Debug|Any CPU.ActiveCfg = Debug|Any CPU
		{DDF47750-726C-43BB-A10B-1188DB629A16}.Debug|Any CPU.Build.0 = Debug|Any CPU
		{DDF47750-726C-43BB-A10B-1188DB629A16}.Release|Any CPU.ActiveCfg = Release|Any CPU
		{DDF47750-726C-43BB-A10B-1188DB629A16}.Release|Any CPU.Build.0 = Release|Any CPU
	EndGlobalSection
	GlobalSection(SolutionProperties) = preSolution
		HideSolutionNode = FALSE
	EndGlobalSection
	GlobalSection(ExtensibilityGlobals) = postSolution
		SolutionGuid = {6D06F921-00C8-47F9-90BD-1FBA7E26F85E}
	EndGlobalSection
EndGlobal
