
Microsoft Visual Studio Solution File, Format Version 12.00
# Visual Studio Version 17
VisualStudioVersion = 17.6.33815.320
MinimumVisualStudioVersion = 10.0.40219.1
Project("{FAE04EC0-301F-11D3-BF4B-00C04F79EFBC}") = "conditional", "conditional\conditional.csproj", "{349502A5-3766-42BE-9754-939FF8C30B7C}"
EndProject
Global
	GlobalSection(SolutionConfigurationPlatforms) = preSolution
		Debug|Any CPU = Debug|Any CPU
		Release|Any CPU = Release|Any CPU
	EndGlobalSection
	GlobalSection(ProjectConfigurationPlatforms) = postSolution
		{349502A5-3766-42BE-9754-939FF8C30B7C}.Debug|Any CPU.ActiveCfg = Debug|Any CPU
		{349502A5-3766-42BE-9754-939FF8C30B7C}.Debug|Any CPU.Build.0 = Debug|Any CPU
		{349502A5-3766-42BE-9754-939FF8C30B7C}.Release|Any CPU.ActiveCfg = Release|Any CPU
		{349502A5-3766-42BE-9754-939FF8C30B7C}.Release|Any CPU.Build.0 = Release|Any CPU
	EndGlobalSection
	GlobalSection(SolutionProperties) = preSolution
		HideSolutionNode = FALSE
	EndGlobalSection
	GlobalSection(ExtensibilityGlobals) = postSolution
		SolutionGuid = {0E1F3676-E573-4568-93DD-F1E27B24C3CB}
	EndGlobalSection
EndGlobal
