
Microsoft Visual Studio Solution File, Format Version 12.00
# Visual Studio Version 17
VisualStudioVersion = 17.6.33815.320
MinimumVisualStudioVersion = 10.0.40219.1
Project("{FAE04EC0-301F-11D3-BF4B-00C04F79EFBC}") = "task 13-07", "task 13-07\task 13-07.csproj", "{F6088340-4753-4368-A53E-04379D4AFE7B}"
EndProject
Global
	GlobalSection(SolutionConfigurationPlatforms) = preSolution
		Debug|Any CPU = Debug|Any CPU
		Release|Any CPU = Release|Any CPU
	EndGlobalSection
	GlobalSection(ProjectConfigurationPlatforms) = postSolution
		{F6088340-4753-4368-A53E-04379D4AFE7B}.Debug|Any CPU.ActiveCfg = Debug|Any CPU
		{F6088340-4753-4368-A53E-04379D4AFE7B}.Debug|Any CPU.Build.0 = Debug|Any CPU
		{F6088340-4753-4368-A53E-04379D4AFE7B}.Release|Any CPU.ActiveCfg = Release|Any CPU
		{F6088340-4753-4368-A53E-04379D4AFE7B}.Release|Any CPU.Build.0 = Release|Any CPU
	EndGlobalSection
	GlobalSection(SolutionProperties) = preSolution
		HideSolutionNode = FALSE
	EndGlobalSection
	GlobalSection(ExtensibilityGlobals) = postSolution
		SolutionGuid = {94B48E3B-E492-46EE-BDB4-BE77DB890E5B}
	EndGlobalSection
EndGlobal
