
Microsoft Visual Studio Solution File, Format Version 12.00
# Visual Studio Version 17
VisualStudioVersion = 17.6.33815.320
MinimumVisualStudioVersion = 10.0.40219.1
Project("{FAE04EC0-301F-11D3-BF4B-00C04F79EFBC}") = "binary read & write", "binary read & write\binary read & write.csproj", "{3883C32A-0753-4ACF-97AD-3BFCD64DE254}"
EndProject
Global
	GlobalSection(SolutionConfigurationPlatforms) = preSolution
		Debug|Any CPU = Debug|Any CPU
		Release|Any CPU = Release|Any CPU
	EndGlobalSection
	GlobalSection(ProjectConfigurationPlatforms) = postSolution
		{3883C32A-0753-4ACF-97AD-3BFCD64DE254}.Debug|Any CPU.ActiveCfg = Debug|Any CPU
		{3883C32A-0753-4ACF-97AD-3BFCD64DE254}.Debug|Any CPU.Build.0 = Debug|Any CPU
		{3883C32A-0753-4ACF-97AD-3BFCD64DE254}.Release|Any CPU.ActiveCfg = Release|Any CPU
		{3883C32A-0753-4ACF-97AD-3BFCD64DE254}.Release|Any CPU.Build.0 = Release|Any CPU
	EndGlobalSection
	GlobalSection(SolutionProperties) = preSolution
		HideSolutionNode = FALSE
	EndGlobalSection
	GlobalSection(ExtensibilityGlobals) = postSolution
		SolutionGuid = {5E1D6312-D7B0-45C2-86EA-E0383E71E3E4}
	EndGlobalSection
EndGlobal
