
Microsoft Visual Studio Solution File, Format Version 12.00
# Visual Studio Version 17
VisualStudioVersion = 17.6.33815.320
MinimumVisualStudioVersion = 10.0.40219.1
Project("{FAE04EC0-301F-11D3-BF4B-00C04F79EFBC}") = "Thread_Life_Cycle", "Thread_Life_Cycle\Thread_Life_Cycle.csproj", "{64209DE0-9D1F-4B0C-8899-B30EE2A16FA8}"
EndProject
Global
	GlobalSection(SolutionConfigurationPlatforms) = preSolution
		Debug|Any CPU = Debug|Any CPU
		Release|Any CPU = Release|Any CPU
	EndGlobalSection
	GlobalSection(ProjectConfigurationPlatforms) = postSolution
		{64209DE0-9D1F-4B0C-8899-B30EE2A16FA8}.Debug|Any CPU.ActiveCfg = Debug|Any CPU
		{64209DE0-9D1F-4B0C-8899-B30EE2A16FA8}.Debug|Any CPU.Build.0 = Debug|Any CPU
		{64209DE0-9D1F-4B0C-8899-B30EE2A16FA8}.Release|Any CPU.ActiveCfg = Release|Any CPU
		{64209DE0-9D1F-4B0C-8899-B30EE2A16FA8}.Release|Any CPU.Build.0 = Release|Any CPU
	EndGlobalSection
	GlobalSection(SolutionProperties) = preSolution
		HideSolutionNode = FALSE
	EndGlobalSection
	GlobalSection(ExtensibilityGlobals) = postSolution
		SolutionGuid = {A81770EB-8247-4A6C-B8E1-A22CF16A7499}
	EndGlobalSection
EndGlobal
