
Microsoft Visual Studio Solution File, Format Version 12.00
# Visual Studio Version 17
VisualStudioVersion = 17.6.33815.320
MinimumVisualStudioVersion = 10.0.40219.1
Project("{FAE04EC0-301F-11D3-BF4B-00C04F79EFBC}") = "10.07 exception", "10.07 exception\10.07 exception.csproj", "{B0732CCB-CF05-4620-B5D9-5F0AFA99C566}"
EndProject
Global
	GlobalSection(SolutionConfigurationPlatforms) = preSolution
		Debug|Any CPU = Debug|Any CPU
		Release|Any CPU = Release|Any CPU
	EndGlobalSection
	GlobalSection(ProjectConfigurationPlatforms) = postSolution
		{B0732CCB-CF05-4620-B5D9-5F0AFA99C566}.Debug|Any CPU.ActiveCfg = Debug|Any CPU
		{B0732CCB-CF05-4620-B5D9-5F0AFA99C566}.Debug|Any CPU.Build.0 = Debug|Any CPU
		{B0732CCB-CF05-4620-B5D9-5F0AFA99C566}.Release|Any CPU.ActiveCfg = Release|Any CPU
		{B0732CCB-CF05-4620-B5D9-5F0AFA99C566}.Release|Any CPU.Build.0 = Release|Any CPU
	EndGlobalSection
	GlobalSection(SolutionProperties) = preSolution
		HideSolutionNode = FALSE
	EndGlobalSection
	GlobalSection(ExtensibilityGlobals) = postSolution
		SolutionGuid = {4D2D7D1E-BAC4-49F2-AF32-CFF857A5A46E}
	EndGlobalSection
EndGlobal
