
Microsoft Visual Studio Solution File, Format Version 12.00
# Visual Studio Version 17
VisualStudioVersion = 17.6.33815.320
MinimumVisualStudioVersion = 10.0.40219.1
Project("{FAE04EC0-301F-11D3-BF4B-00C04F79EFBC}") = "leazy_thread", "leazy_thread\leazy_thread.csproj", "{C84DD5B2-F491-42A3-88CA-92B77CD072FC}"
EndProject
Global
	GlobalSection(SolutionConfigurationPlatforms) = preSolution
		Debug|Any CPU = Debug|Any CPU
		Release|Any CPU = Release|Any CPU
	EndGlobalSection
	GlobalSection(ProjectConfigurationPlatforms) = postSolution
		{C84DD5B2-F491-42A3-88CA-92B77CD072FC}.Debug|Any CPU.ActiveCfg = Debug|Any CPU
		{C84DD5B2-F491-42A3-88CA-92B77CD072FC}.Debug|Any CPU.Build.0 = Debug|Any CPU
		{C84DD5B2-F491-42A3-88CA-92B77CD072FC}.Release|Any CPU.ActiveCfg = Release|Any CPU
		{C84DD5B2-F491-42A3-88CA-92B77CD072FC}.Release|Any CPU.Build.0 = Release|Any CPU
	EndGlobalSection
	GlobalSection(SolutionProperties) = preSolution
		HideSolutionNode = FALSE
	EndGlobalSection
	GlobalSection(ExtensibilityGlobals) = postSolution
		SolutionGuid = {F2B2EDD1-4D6E-469F-85A5-AC961188E01E}
	EndGlobalSection
EndGlobal
