
Microsoft Visual Studio Solution File, Format Version 12.00
# Visual Studio Version 17
VisualStudioVersion = 17.6.33815.320
MinimumVisualStudioVersion = 10.0.40219.1
Project("{FAE04EC0-301F-11D3-BF4B-00C04F79EFBC}") = "Employee_StoreProcedure_2_Table", "Employee_StoreProcedure_2_Table\Employee_StoreProcedure_2_Table.csproj", "{B06ABF02-1449-4D4A-BF6F-580EE6AA645E}"
EndProject
Project("{2150E333-8FDC-42A3-9474-1A3956D46DE8}") = "Solution Items", "Solution Items", "{E3D435B2-2BD8-49B3-89AC-A4FDADE1C880}"
	ProjectSection(SolutionItems) = preProject
		.editorconfig = .editorconfig
	EndProjectSection
EndProject
Global
	GlobalSection(SolutionConfigurationPlatforms) = preSolution
		Debug|Any CPU = Debug|Any CPU
		Release|Any CPU = Release|Any CPU
	EndGlobalSection
	GlobalSection(ProjectConfigurationPlatforms) = postSolution
		{B06ABF02-1449-4D4A-BF6F-580EE6AA645E}.Debug|Any CPU.ActiveCfg = Debug|Any CPU
		{B06ABF02-1449-4D4A-BF6F-580EE6AA645E}.Debug|Any CPU.Build.0 = Debug|Any CPU
		{B06ABF02-1449-4D4A-BF6F-580EE6AA645E}.Release|Any CPU.ActiveCfg = Release|Any CPU
		{B06ABF02-1449-4D4A-BF6F-580EE6AA645E}.Release|Any CPU.Build.0 = Release|Any CPU
	EndGlobalSection
	GlobalSection(SolutionProperties) = preSolution
		HideSolutionNode = FALSE
	EndGlobalSection
	GlobalSection(ExtensibilityGlobals) = postSolution
		SolutionGuid = {CC37C1CE-3EB6-4D02-BA9A-9FBE881DC8A7}
	EndGlobalSection
EndGlobal
