
Microsoft Visual Studio Solution File, Format Version 12.00
# Visual Studio Version 17
VisualStudioVersion = 17.6.33815.320
MinimumVisualStudioVersion = 10.0.40219.1
Project("{FAE04EC0-301F-11D3-BF4B-00C04F79EFBC}") = "main task", "main task\main task.csproj", "{43E3F6D8-B2F4-4143-A2A5-A14163ED092B}"
EndProject
Global
	GlobalSection(SolutionConfigurationPlatforms) = preSolution
		Debug|Any CPU = Debug|Any CPU
		Release|Any CPU = Release|Any CPU
	EndGlobalSection
	GlobalSection(ProjectConfigurationPlatforms) = postSolution
		{43E3F6D8-B2F4-4143-A2A5-A14163ED092B}.Debug|Any CPU.ActiveCfg = Debug|Any CPU
		{43E3F6D8-B2F4-4143-A2A5-A14163ED092B}.Debug|Any CPU.Build.0 = Debug|Any CPU
		{43E3F6D8-B2F4-4143-A2A5-A14163ED092B}.Release|Any CPU.ActiveCfg = Release|Any CPU
		{43E3F6D8-B2F4-4143-A2A5-A14163ED092B}.Release|Any CPU.Build.0 = Release|Any CPU
	EndGlobalSection
	GlobalSection(SolutionProperties) = preSolution
		HideSolutionNode = FALSE
	EndGlobalSection
	GlobalSection(ExtensibilityGlobals) = postSolution
		SolutionGuid = {B8F4A943-336F-4EDF-8E66-F0D897DE3C7B}
	EndGlobalSection
EndGlobal
