
Microsoft Visual Studio Solution File, Format Version 12.00
# Visual Studio Version 17
VisualStudioVersion = 17.6.33815.320
MinimumVisualStudioVersion = 10.0.40219.1
Project("{FAE04EC0-301F-11D3-BF4B-00C04F79EFBC}") = "sports", "sports\sports.csproj", "{D7CA6265-0B1C-4A26-8BAC-42949C70D6D2}"
EndProject
Global
	GlobalSection(SolutionConfigurationPlatforms) = preSolution
		Debug|Any CPU = Debug|Any CPU
		Release|Any CPU = Release|Any CPU
	EndGlobalSection
	GlobalSection(ProjectConfigurationPlatforms) = postSolution
		{D7CA6265-0B1C-4A26-8BAC-42949C70D6D2}.Debug|Any CPU.ActiveCfg = Debug|Any CPU
		{D7CA6265-0B1C-4A26-8BAC-42949C70D6D2}.Debug|Any CPU.Build.0 = Debug|Any CPU
		{D7CA6265-0B1C-4A26-8BAC-42949C70D6D2}.Release|Any CPU.ActiveCfg = Release|Any CPU
		{D7CA6265-0B1C-4A26-8BAC-42949C70D6D2}.Release|Any CPU.Build.0 = Release|Any CPU
	EndGlobalSection
	GlobalSection(SolutionProperties) = preSolution
		HideSolutionNode = FALSE
	EndGlobalSection
	GlobalSection(ExtensibilityGlobals) = postSolution
		SolutionGuid = {7F389151-FE2D-422D-8FFD-11640A3FE068}
	EndGlobalSection
EndGlobal
