
Microsoft Visual Studio Solution File, Format Version 12.00
# Visual Studio Version 17
VisualStudioVersion = 17.6.33815.320
MinimumVisualStudioVersion = 10.0.40219.1
Project("{FAE04EC0-301F-11D3-BF4B-00C04F79EFBC}") = "Taskk0607", "Taskk0607\Taskk0607.csproj", "{BB78FE71-1420-4762-8E83-619A85CA25A7}"
EndProject
Global
	GlobalSection(SolutionConfigurationPlatforms) = preSolution
		Debug|Any CPU = Debug|Any CPU
		Release|Any CPU = Release|Any CPU
	EndGlobalSection
	GlobalSection(ProjectConfigurationPlatforms) = postSolution
		{BB78FE71-1420-4762-8E83-619A85CA25A7}.Debug|Any CPU.ActiveCfg = Debug|Any CPU
		{BB78FE71-1420-4762-8E83-619A85CA25A7}.Debug|Any CPU.Build.0 = Debug|Any CPU
		{BB78FE71-1420-4762-8E83-619A85CA25A7}.Release|Any CPU.ActiveCfg = Release|Any CPU
		{BB78FE71-1420-4762-8E83-619A85CA25A7}.Release|Any CPU.Build.0 = Release|Any CPU
	EndGlobalSection
	GlobalSection(SolutionProperties) = preSolution
		HideSolutionNode = FALSE
	EndGlobalSection
	GlobalSection(ExtensibilityGlobals) = postSolution
		SolutionGuid = {7D1CAF2D-60B0-44B4-9D9C-7A19BA65E89F}
	EndGlobalSection
EndGlobal
