
Microsoft Visual Studio Solution File, Format Version 12.00
# Visual Studio Version 17
VisualStudioVersion = 17.6.33815.320
MinimumVisualStudioVersion = 10.0.40219.1
Project("{FAE04EC0-301F-11D3-BF4B-00C04F79EFBC}") = "variables", "variables\variables.csproj", "{43D82FAF-640D-4E3F-B295-AA33FE87CCC1}"
EndProject
Global
	GlobalSection(SolutionConfigurationPlatforms) = preSolution
		Debug|Any CPU = Debug|Any CPU
		Release|Any CPU = Release|Any CPU
	EndGlobalSection
	GlobalSection(ProjectConfigurationPlatforms) = postSolution
		{43D82FAF-640D-4E3F-B295-AA33FE87CCC1}.Debug|Any CPU.ActiveCfg = Debug|Any CPU
		{43D82FAF-640D-4E3F-B295-AA33FE87CCC1}.Debug|Any CPU.Build.0 = Debug|Any CPU
		{43D82FAF-640D-4E3F-B295-AA33FE87CCC1}.Release|Any CPU.ActiveCfg = Release|Any CPU
		{43D82FAF-640D-4E3F-B295-AA33FE87CCC1}.Release|Any CPU.Build.0 = Release|Any CPU
	EndGlobalSection
	GlobalSection(SolutionProperties) = preSolution
		HideSolutionNode = FALSE
	EndGlobalSection
	GlobalSection(ExtensibilityGlobals) = postSolution
		SolutionGuid = {E422FBCD-2B76-4C06-850D-3C4C6DD53C59}
	EndGlobalSection
EndGlobal
