
Microsoft Visual Studio Solution File, Format Version 12.00
# Visual Studio Version 17
VisualStudioVersion = 17.6.33815.320
MinimumVisualStudioVersion = 10.0.40219.1
Project("{FAE04EC0-301F-11D3-BF4B-00C04F79EFBC}") = "task0607", "task0607\task0607.csproj", "{497F4EF0-E1D1-4118-9A47-ED7C8ABD6DEB}"
EndProject
Global
	GlobalSection(SolutionConfigurationPlatforms) = preSolution
		Debug|Any CPU = Debug|Any CPU
		Release|Any CPU = Release|Any CPU
	EndGlobalSection
	GlobalSection(ProjectConfigurationPlatforms) = postSolution
		{497F4EF0-E1D1-4118-9A47-ED7C8ABD6DEB}.Debug|Any CPU.ActiveCfg = Debug|Any CPU
		{497F4EF0-E1D1-4118-9A47-ED7C8ABD6DEB}.Debug|Any CPU.Build.0 = Debug|Any CPU
		{497F4EF0-E1D1-4118-9A47-ED7C8ABD6DEB}.Release|Any CPU.ActiveCfg = Release|Any CPU
		{497F4EF0-E1D1-4118-9A47-ED7C8ABD6DEB}.Release|Any CPU.Build.0 = Release|Any CPU
	EndGlobalSection
	GlobalSection(SolutionProperties) = preSolution
		HideSolutionNode = FALSE
	EndGlobalSection
	GlobalSection(ExtensibilityGlobals) = postSolution
		SolutionGuid = {18573765-BD13-418E-8D4F-74A74F76F8A3}
	EndGlobalSection
EndGlobal
