
Microsoft Visual Studio Solution File, Format Version 12.00
# Visual Studio Version 17
VisualStudioVersion = 17.6.33815.320
MinimumVisualStudioVersion = 10.0.40219.1
Project("{FAE04EC0-301F-11D3-BF4B-00C04F79EFBC}") = "task0507", "task0507\task0507.csproj", "{F32856EE-FC2F-4955-B0F3-75C41F067814}"
EndProject
Global
	GlobalSection(SolutionConfigurationPlatforms) = preSolution
		Debug|Any CPU = Debug|Any CPU
		Release|Any CPU = Release|Any CPU
	EndGlobalSection
	GlobalSection(ProjectConfigurationPlatforms) = postSolution
		{F32856EE-FC2F-4955-B0F3-75C41F067814}.Debug|Any CPU.ActiveCfg = Debug|Any CPU
		{F32856EE-FC2F-4955-B0F3-75C41F067814}.Debug|Any CPU.Build.0 = Debug|Any CPU
		{F32856EE-FC2F-4955-B0F3-75C41F067814}.Release|Any CPU.ActiveCfg = Release|Any CPU
		{F32856EE-FC2F-4955-B0F3-75C41F067814}.Release|Any CPU.Build.0 = Release|Any CPU
	EndGlobalSection
	GlobalSection(SolutionProperties) = preSolution
		HideSolutionNode = FALSE
	EndGlobalSection
	GlobalSection(ExtensibilityGlobals) = postSolution
		SolutionGuid = {6A029708-7046-40DE-A65D-86337BB0BCC2}
	EndGlobalSection
EndGlobal
